
Microsoft Visual Studio Solution File, Format Version 12.00
# Visual Studio Version 16
VisualStudioVersion = 16.0.29009.5
MinimumVisualStudioVersion = 10.0.40219.1
Project("{FAE04EC0-301F-11D3-BF4B-00C04F79EFBC}") = "ZaraExam", "ZaraExam\ZaraExam.csproj", "{3B6F2CCB-E351-4C05-A5E7-0CF197EF1B73}"
EndProject
Project("{FAE04EC0-301F-11D3-BF4B-00C04F79EFBC}") = "ZaraExamTests", "ZaraExamTests\ZaraExamTests.csproj", "{8282AA35-4FD0-4482-9CFE-437AD7670F65}"
EndProject
Global
	GlobalSection(SolutionConfigurationPlatforms) = preSolution
		Debug|Any CPU = Debug|Any CPU
		Release|Any CPU = Release|Any CPU
	EndGlobalSection
	GlobalSection(ProjectConfigurationPlatforms) = postSolution
		{3B6F2CCB-E351-4C05-A5E7-0CF197EF1B73}.Debug|Any CPU.ActiveCfg = Debug|Any CPU
		{3B6F2CCB-E351-4C05-A5E7-0CF197EF1B73}.Debug|Any CPU.Build.0 = Debug|Any CPU
		{3B6F2CCB-E351-4C05-A5E7-0CF197EF1B73}.Release|Any CPU.ActiveCfg = Release|Any CPU
		{3B6F2CCB-E351-4C05-A5E7-0CF197EF1B73}.Release|Any CPU.Build.0 = Release|Any CPU
		{8282AA35-4FD0-4482-9CFE-437AD7670F65}.Debug|Any CPU.ActiveCfg = Debug|Any CPU
		{8282AA35-4FD0-4482-9CFE-437AD7670F65}.Debug|Any CPU.Build.0 = Debug|Any CPU
		{8282AA35-4FD0-4482-9CFE-437AD7670F65}.Release|Any CPU.ActiveCfg = Release|Any CPU
		{8282AA35-4FD0-4482-9CFE-437AD7670F65}.Release|Any CPU.Build.0 = Release|Any CPU
	EndGlobalSection
	GlobalSection(SolutionProperties) = preSolution
		HideSolutionNode = FALSE
	EndGlobalSection
	GlobalSection(ExtensibilityGlobals) = postSolution
		SolutionGuid = {B780A917-CD1B-4251-9E3A-6B840F28256D}
	EndGlobalSection
EndGlobal
